
Microsoft Visual Studio Solution File, Format Version 12.00
# Visual Studio 15
VisualStudioVersion = 15.0.28010.2041
MinimumVisualStudioVersion = 10.0.40219.1
Project("{2150E333-8FDC-42A3-9474-1A3956D46DE8}") = "_Solution Items", "_Solution Items", "{98C14369-9110-4026-8D27-E918D91096F7}"
	ProjectSection(SolutionItems) = preProject
		..\README.md = ..\README.md
	EndProjectSection
EndProject
Project("{2150E333-8FDC-42A3-9474-1A3956D46DE8}") = "Lab 1", "Lab 1", "{85552435-5DB2-4D0C-82FE-2939BA4D29EC}"
EndProject
Project("{2150E333-8FDC-42A3-9474-1A3956D46DE8}") = "Lab 2", "Lab 2", "{8CA3EBB7-F1BC-4973-914F-9A0A2F344FF4}"
EndProject
Project("{2150E333-8FDC-42A3-9474-1A3956D46DE8}") = "Lab 3", "Lab 3", "{84F8A072-03A9-4A92-BF59-5C7EA8334529}"
EndProject
Project("{2150E333-8FDC-42A3-9474-1A3956D46DE8}") = "src", "src", "{D04BCB1A-908D-414C-B0FB-E73D0FB1C2D1}"
EndProject
Project("{2150E333-8FDC-42A3-9474-1A3956D46DE8}") = "test", "test", "{69FA5E0C-A6ED-46FD-BB05-37C510A37CC5}"
EndProject
Project("{2150E333-8FDC-42A3-9474-1A3956D46DE8}") = "src", "src", "{23F51C46-8E71-4C16-A1A0-7DD63F2D68E6}"
EndProject
Project("{2150E333-8FDC-42A3-9474-1A3956D46DE8}") = "test", "test", "{BACE848E-7FF8-4506-A994-757DDF3E3081}"
EndProject
Project("{2150E333-8FDC-42A3-9474-1A3956D46DE8}") = "src", "src", "{C701264C-34F1-4192-AD4F-574C9007032C}"
EndProject
Project("{2150E333-8FDC-42A3-9474-1A3956D46DE8}") = "test", "test", "{3109438C-01C3-4415-847F-9C1EA6236752}"
EndProject
Project("{9A19103F-16F7-4668-BE54-9A1E7A4F7556}") = "TaxService", "Lab 1\src\TaxService\TaxService.csproj", "{2F586281-3249-465A-896A-06110D6FBF15}"
EndProject
Project("{9A19103F-16F7-4668-BE54-9A1E7A4F7556}") = "TaxServiceTests", "Lab 1\test\TaxServiceTests\TaxServiceTests.csproj", "{393F057F-EDCD-45FA-BE0D-C9348BBF29A5}"
EndProject
Project("{9A19103F-16F7-4668-BE54-9A1E7A4F7556}") = "ProductService", "Lab 2\src\ProductService\ProductService.csproj", "{E7FD729E-17C9-400E-98B4-24CD0CD43C2A}"
EndProject
Project("{9A19103F-16F7-4668-BE54-9A1E7A4F7556}") = "ProductServiceTests", "Lab 2\test\ProductServiceTests\ProductServiceTests.csproj", "{7C79A0B9-0132-479F-82C0-7244C71794CA}"
EndProject
Project("{9A19103F-16F7-4668-BE54-9A1E7A4F7556}") = "WebApplicationExample", "Lab 3\src\WebApplicationExample\WebApplicationExample.csproj", "{D41C68C5-76D5-4B2F-9AEE-D6CE48AE6735}"
EndProject
Project("{9A19103F-16F7-4668-BE54-9A1E7A4F7556}") = "Common", "Lab 3\src\Common\Common.csproj", "{B61BCE44-B1D0-4D49-9892-31AAEC81F4D7}"
EndProject
Global
	GlobalSection(SolutionConfigurationPlatforms) = preSolution
		Debug|Any CPU = Debug|Any CPU
		Release|Any CPU = Release|Any CPU
	EndGlobalSection
	GlobalSection(ProjectConfigurationPlatforms) = postSolution
		{2F586281-3249-465A-896A-06110D6FBF15}.Debug|Any CPU.ActiveCfg = Debug|Any CPU
		{2F586281-3249-465A-896A-06110D6FBF15}.Debug|Any CPU.Build.0 = Debug|Any CPU
		{2F586281-3249-465A-896A-06110D6FBF15}.Release|Any CPU.ActiveCfg = Release|Any CPU
		{2F586281-3249-465A-896A-06110D6FBF15}.Release|Any CPU.Build.0 = Release|Any CPU
		{393F057F-EDCD-45FA-BE0D-C9348BBF29A5}.Debug|Any CPU.ActiveCfg = Debug|Any CPU
		{393F057F-EDCD-45FA-BE0D-C9348BBF29A5}.Debug|Any CPU.Build.0 = Debug|Any CPU
		{393F057F-EDCD-45FA-BE0D-C9348BBF29A5}.Release|Any CPU.ActiveCfg = Release|Any CPU
		{393F057F-EDCD-45FA-BE0D-C9348BBF29A5}.Release|Any CPU.Build.0 = Release|Any CPU
		{E7FD729E-17C9-400E-98B4-24CD0CD43C2A}.Debug|Any CPU.ActiveCfg = Debug|Any CPU
		{E7FD729E-17C9-400E-98B4-24CD0CD43C2A}.Debug|Any CPU.Build.0 = Debug|Any CPU
		{E7FD729E-17C9-400E-98B4-24CD0CD43C2A}.Release|Any CPU.ActiveCfg = Release|Any CPU
		{E7FD729E-17C9-400E-98B4-24CD0CD43C2A}.Release|Any CPU.Build.0 = Release|Any CPU
		{7C79A0B9-0132-479F-82C0-7244C71794CA}.Debug|Any CPU.ActiveCfg = Debug|Any CPU
		{7C79A0B9-0132-479F-82C0-7244C71794CA}.Debug|Any CPU.Build.0 = Debug|Any CPU
		{7C79A0B9-0132-479F-82C0-7244C71794CA}.Release|Any CPU.ActiveCfg = Release|Any CPU
		{7C79A0B9-0132-479F-82C0-7244C71794CA}.Release|Any CPU.Build.0 = Release|Any CPU
		{D41C68C5-76D5-4B2F-9AEE-D6CE48AE6735}.Debug|Any CPU.ActiveCfg = Debug|Any CPU
		{D41C68C5-76D5-4B2F-9AEE-D6CE48AE6735}.Debug|Any CPU.Build.0 = Debug|Any CPU
		{D41C68C5-76D5-4B2F-9AEE-D6CE48AE6735}.Release|Any CPU.ActiveCfg = Release|Any CPU
		{D41C68C5-76D5-4B2F-9AEE-D6CE48AE6735}.Release|Any CPU.Build.0 = Release|Any CPU
		{B61BCE44-B1D0-4D49-9892-31AAEC81F4D7}.Debug|Any CPU.ActiveCfg = Debug|Any CPU
		{B61BCE44-B1D0-4D49-9892-31AAEC81F4D7}.Debug|Any CPU.Build.0 = Debug|Any CPU
		{B61BCE44-B1D0-4D49-9892-31AAEC81F4D7}.Release|Any CPU.ActiveCfg = Release|Any CPU
		{B61BCE44-B1D0-4D49-9892-31AAEC81F4D7}.Release|Any CPU.Build.0 = Release|Any CPU
	EndGlobalSection
	GlobalSection(SolutionProperties) = preSolution
		HideSolutionNode = FALSE
	EndGlobalSection
	GlobalSection(NestedProjects) = preSolution
		{D04BCB1A-908D-414C-B0FB-E73D0FB1C2D1} = {85552435-5DB2-4D0C-82FE-2939BA4D29EC}
		{69FA5E0C-A6ED-46FD-BB05-37C510A37CC5} = {85552435-5DB2-4D0C-82FE-2939BA4D29EC}
		{23F51C46-8E71-4C16-A1A0-7DD63F2D68E6} = {8CA3EBB7-F1BC-4973-914F-9A0A2F344FF4}
		{BACE848E-7FF8-4506-A994-757DDF3E3081} = {8CA3EBB7-F1BC-4973-914F-9A0A2F344FF4}
		{C701264C-34F1-4192-AD4F-574C9007032C} = {84F8A072-03A9-4A92-BF59-5C7EA8334529}
		{3109438C-01C3-4415-847F-9C1EA6236752} = {84F8A072-03A9-4A92-BF59-5C7EA8334529}
		{2F586281-3249-465A-896A-06110D6FBF15} = {D04BCB1A-908D-414C-B0FB-E73D0FB1C2D1}
		{393F057F-EDCD-45FA-BE0D-C9348BBF29A5} = {69FA5E0C-A6ED-46FD-BB05-37C510A37CC5}
		{E7FD729E-17C9-400E-98B4-24CD0CD43C2A} = {23F51C46-8E71-4C16-A1A0-7DD63F2D68E6}
		{7C79A0B9-0132-479F-82C0-7244C71794CA} = {BACE848E-7FF8-4506-A994-757DDF3E3081}
		{D41C68C5-76D5-4B2F-9AEE-D6CE48AE6735} = {C701264C-34F1-4192-AD4F-574C9007032C}
		{B61BCE44-B1D0-4D49-9892-31AAEC81F4D7} = {C701264C-34F1-4192-AD4F-574C9007032C}
	EndGlobalSection
	GlobalSection(ExtensibilityGlobals) = postSolution
		SolutionGuid = {0CA13295-2CD1-4C3C-B073-07B25F69AC5A}
	EndGlobalSection
EndGlobal
